
Microsoft Visual Studio Solution File, Format Version 12.00
# Visual Studio Version 17
VisualStudioVersion = 17.6.33829.357
MinimumVisualStudioVersion = 10.0.40219.1
Project("{FAE04EC0-301F-11D3-BF4B-00C04F79EFBC}") = "CardapioOnlineAPI", "CardapioOnlineAPI\CardapioOnlineAPI.csproj", "{BB185C86-714B-4AE7-8094-4835CD48EEA5}"
EndProject
Global
	GlobalSection(SolutionConfigurationPlatforms) = preSolution
		Debug|Any CPU = Debug|Any CPU
		Release|Any CPU = Release|Any CPU
	EndGlobalSection
	GlobalSection(ProjectConfigurationPlatforms) = postSolution
		{BB185C86-714B-4AE7-8094-4835CD48EEA5}.Debug|Any CPU.ActiveCfg = Debug|Any CPU
		{BB185C86-714B-4AE7-8094-4835CD48EEA5}.Debug|Any CPU.Build.0 = Debug|Any CPU
		{BB185C86-714B-4AE7-8094-4835CD48EEA5}.Release|Any CPU.ActiveCfg = Release|Any CPU
		{BB185C86-714B-4AE7-8094-4835CD48EEA5}.Release|Any CPU.Build.0 = Release|Any CPU
	EndGlobalSection
	GlobalSection(SolutionProperties) = preSolution
		HideSolutionNode = FALSE
	EndGlobalSection
	GlobalSection(ExtensibilityGlobals) = postSolution
		SolutionGuid = {7449E62E-4030-4578-A8B7-1F6557308F5E}
	EndGlobalSection
EndGlobal
